
Microsoft Visual Studio Solution File, Format Version 12.00
# Visual Studio Version 17
VisualStudioVersion = 17.1.32210.238
MinimumVisualStudioVersion = 10.0.40219.1
Project("{9A19103F-16F7-4668-BE54-9A1E7A4F7556}") = "CoinCashBack.Server", "CoinCashBack\Server\CoinCashBack.Server.csproj", "{CC9E0B70-3DFE-4AB4-BA40-52661CEA881C}"
EndProject
Project("{9A19103F-16F7-4668-BE54-9A1E7A4F7556}") = "CoinCashBack.Client", "CoinCashBack\Client\CoinCashBack.Client.csproj", "{F2151749-6895-48AC-8DDA-F560B49CF679}"
EndProject
Project("{9A19103F-16F7-4668-BE54-9A1E7A4F7556}") = "CoinCashBack.Shared", "CoinCashBack\Shared\CoinCashBack.Shared.csproj", "{9B2973E0-768F-4443-A2F8-B956820E24B4}"
EndProject
Global
	GlobalSection(SolutionConfigurationPlatforms) = preSolution
		Debug|Any CPU = Debug|Any CPU
		Release|Any CPU = Release|Any CPU
	EndGlobalSection
	GlobalSection(ProjectConfigurationPlatforms) = postSolution
		{CC9E0B70-3DFE-4AB4-BA40-52661CEA881C}.Debug|Any CPU.ActiveCfg = Debug|Any CPU
		{CC9E0B70-3DFE-4AB4-BA40-52661CEA881C}.Debug|Any CPU.Build.0 = Debug|Any CPU
		{CC9E0B70-3DFE-4AB4-BA40-52661CEA881C}.Release|Any CPU.ActiveCfg = Release|Any CPU
		{CC9E0B70-3DFE-4AB4-BA40-52661CEA881C}.Release|Any CPU.Build.0 = Release|Any CPU
		{F2151749-6895-48AC-8DDA-F560B49CF679}.Debug|Any CPU.ActiveCfg = Debug|Any CPU
		{F2151749-6895-48AC-8DDA-F560B49CF679}.Debug|Any CPU.Build.0 = Debug|Any CPU
		{F2151749-6895-48AC-8DDA-F560B49CF679}.Release|Any CPU.ActiveCfg = Release|Any CPU
		{F2151749-6895-48AC-8DDA-F560B49CF679}.Release|Any CPU.Build.0 = Release|Any CPU
		{9B2973E0-768F-4443-A2F8-B956820E24B4}.Debug|Any CPU.ActiveCfg = Debug|Any CPU
		{9B2973E0-768F-4443-A2F8-B956820E24B4}.Debug|Any CPU.Build.0 = Debug|Any CPU
		{9B2973E0-768F-4443-A2F8-B956820E24B4}.Release|Any CPU.ActiveCfg = Release|Any CPU
		{9B2973E0-768F-4443-A2F8-B956820E24B4}.Release|Any CPU.Build.0 = Release|Any CPU
	EndGlobalSection
	GlobalSection(SolutionProperties) = preSolution
		HideSolutionNode = FALSE
	EndGlobalSection
	GlobalSection(ExtensibilityGlobals) = postSolution
		SolutionGuid = {04937698-4DC4-4337-AFCC-F6D53F80A37E}
	EndGlobalSection
EndGlobal
